
Microsoft Visual Studio Solution File, Format Version 12.00
# Visual Studio Version 17
VisualStudioVersion = 17.14.36414.22 d17.14
MinimumVisualStudioVersion = 10.0.40219.1
Project("{2150E333-8FDC-42A3-9474-1A3956D46DE8}") = "Core", "Core", "{02EA681E-C7D8-13C7-8484-4AC65E1B71E8}"
EndProject
Project("{2150E333-8FDC-42A3-9474-1A3956D46DE8}") = "Infrastructure", "Infrastructure", "{B677D1F5-1D3D-4738-A243-9D0C9B013DF0}"
EndProject
Project("{2150E333-8FDC-42A3-9474-1A3956D46DE8}") = "Presentation", "Presentation", "{82ED9476-33F2-4828-BF66-CBB5CF674B96}"
EndProject
Project("{2150E333-8FDC-42A3-9474-1A3956D46DE8}") = "Tests", "Tests", "{095157C7-A8E6-4CBF-931C-3D57BE3B886B}"
EndProject
Project("{FAE04EC0-301F-11D3-BF4B-00C04F79EFBC}") = "Notes.Domain", "Notes.Domain\Notes.Domain.csproj", "{92C4AEB1-A4BB-4D24-86C3-9DC391FD5AD5}"
EndProject
Global
	GlobalSection(SolutionConfigurationPlatforms) = preSolution
		Debug|Any CPU = Debug|Any CPU
		Release|Any CPU = Release|Any CPU
	EndGlobalSection
	GlobalSection(ProjectConfigurationPlatforms) = postSolution
		{92C4AEB1-A4BB-4D24-86C3-9DC391FD5AD5}.Debug|Any CPU.ActiveCfg = Debug|Any CPU
		{92C4AEB1-A4BB-4D24-86C3-9DC391FD5AD5}.Debug|Any CPU.Build.0 = Debug|Any CPU
		{92C4AEB1-A4BB-4D24-86C3-9DC391FD5AD5}.Release|Any CPU.ActiveCfg = Release|Any CPU
		{92C4AEB1-A4BB-4D24-86C3-9DC391FD5AD5}.Release|Any CPU.Build.0 = Release|Any CPU
	EndGlobalSection
	GlobalSection(SolutionProperties) = preSolution
		HideSolutionNode = FALSE
	EndGlobalSection
	GlobalSection(NestedProjects) = preSolution
		{92C4AEB1-A4BB-4D24-86C3-9DC391FD5AD5} = {02EA681E-C7D8-13C7-8484-4AC65E1B71E8}
	EndGlobalSection
	GlobalSection(ExtensibilityGlobals) = postSolution
		SolutionGuid = {CE288A30-CEBA-4E08-AD94-B2ED75A01444}
	EndGlobalSection
EndGlobal
